// !$*UTF8*$!
{
	archiveVersion = 1;
	classes = {
	};
	objectVersion = 56;
	objects = {

/* Begin PBXBuildFile section */
		9FA881FC2BC1508400DAB3D3 /* YastaApp.swift in Sources */ = {isa = PBXBuildFile; fileRef = 9FA881FB2BC1508400DAB3D3 /* YastaApp.swift */; };
		9FA881FE2BC1508400DAB3D3 /* ContentView.swift in Sources */ = {isa = PBXBuildFile; fileRef = 9FA881FD2BC1508400DAB3D3 /* ContentView.swift */; };
		9FA882002BC1508400DAB3D3 /* Item.swift in Sources */ = {isa = PBXBuildFile; fileRef = 9FA881FF2BC1508400DAB3D3 /* Item.swift */; };
		9FA882022BC1508600DAB3D3 /* Assets.xcassets in Resources */ = {isa = PBXBuildFile; fileRef = 9FA882012BC1508600DAB3D3 /* Assets.xcassets */; };
		9FA882052BC1508600DAB3D3 /* Preview Assets.xcassets in Resources */ = {isa = PBXBuildFile; fileRef = 9FA882042BC1508600DAB3D3 /* Preview Assets.xcassets */; };
		9FA8820F2BC1508600DAB3D3 /* YastaTests.swift in Sources */ = {isa = PBXBuildFile; fileRef = 9FA8820E2BC1508600DAB3D3 /* YastaTests.swift */; };
		9FA882192BC1508600DAB3D3 /* YastaUITests.swift in Sources */ = {isa = PBXBuildFile; fileRef = 9FA882182BC1508600DAB3D3 /* YastaUITests.swift */; };
		9FA8821B2BC1508600DAB3D3 /* YastaUITestsLaunchTests.swift in Sources */ = {isa = PBXBuildFile; fileRef = 9FA8821A2BC1508600DAB3D3 /* YastaUITestsLaunchTests.swift */; };
/* End PBXBuildFile section */

/* Begin PBXContainerItemProxy section */
		9FA8820B2BC1508600DAB3D3 /* PBXContainerItemProxy */ = {
			isa = PBXContainerItemProxy;
			containerPortal = 9FA881F02BC1508400DAB3D3 /* Project object */;
			proxyType = 1;
			remoteGlobalIDString = 9FA881F72BC1508400DAB3D3;
			remoteInfo = Yasta;
		};
		9FA882152BC1508600DAB3D3 /* PBXContainerItemProxy */ = {
			isa = PBXContainerItemProxy;
			containerPortal = 9FA881F02BC1508400DAB3D3 /* Project object */;
			proxyType = 1;
			remoteGlobalIDString = 9FA881F72BC1508400DAB3D3;
			remoteInfo = Yasta;
		};
/* End PBXContainerItemProxy section */

/* Begin PBXFileReference section */
		9FA881F82BC1508400DAB3D3 /* Yasta.app */ = {isa = PBXFileReference; explicitFileType = wrapper.application; includeInIndex = 0; path = Yasta.app; sourceTree = BUILT_PRODUCTS_DIR; };
		9FA881FB2BC1508400DAB3D3 /* YastaApp.swift */ = {isa = PBXFileReference; lastKnownFileType = sourcecode.swift; path = YastaApp.swift; sourceTree = "<group>"; };
		9FA881FD2BC1508400DAB3D3 /* ContentView.swift */ = {isa = PBXFileReference; lastKnownFileType = sourcecode.swift; path = ContentView.swift; sourceTree = "<group>"; };
		9FA881FF2BC1508400DAB3D3 /* Item.swift */ = {isa = PBXFileReference; lastKnownFileType = sourcecode.swift; path = Item.swift; sourceTree = "<group>"; };
		9FA882012BC1508600DAB3D3 /* Assets.xcassets */ = {isa = PBXFileReference; lastKnownFileType = folder.assetcatalog; path = Assets.xcassets; sourceTree = "<group>"; };
		9FA882042BC1508600DAB3D3 /* Preview Assets.xcassets */ = {isa = PBXFileReference; lastKnownFileType = folder.assetcatalog; path = "Preview Assets.xcassets"; sourceTree = "<group>"; };
		9FA8820A2BC1508600DAB3D3 /* YastaTests.xctest */ = {isa = PBXFileReference; explicitFileType = wrapper.cfbundle; includeInIndex = 0; path = YastaTests.xctest; sourceTree = BUILT_PRODUCTS_DIR; };
		9FA8820E2BC1508600DAB3D3 /* YastaTests.swift */ = {isa = PBXFileReference; lastKnownFileType = sourcecode.swift; path = YastaTests.swift; sourceTree = "<group>"; };
		9FA882142BC1508600DAB3D3 /* YastaUITests.xctest */ = {isa = PBXFileReference; explicitFileType = wrapper.cfbundle; includeInIndex = 0; path = YastaUITests.xctest; sourceTree = BUILT_PRODUCTS_DIR; };
		9FA882182BC1508600DAB3D3 /* YastaUITests.swift */ = {isa = PBXFileReference; lastKnownFileType = sourcecode.swift; path = YastaUITests.swift; sourceTree = "<group>"; };
		9FA8821A2BC1508600DAB3D3 /* YastaUITestsLaunchTests.swift */ = {isa = PBXFileReference; lastKnownFileType = sourcecode.swift; path = YastaUITestsLaunchTests.swift; sourceTree = "<group>"; };
/* End PBXFileReference section */

/* Begin PBXFrameworksBuildPhase section */
		9FA881F52BC1508400DAB3D3 /* Frameworks */ = {
			isa = PBXFrameworksBuildPhase;
			buildActionMask = 2147483647;
			files = (
			);
			runOnlyForDeploymentPostprocessing = 0;
		};
		9FA882072BC1508600DAB3D3 /* Frameworks */ = {
			isa = PBXFrameworksBuildPhase;
			buildActionMask = 2147483647;
			files = (
			);
			runOnlyForDeploymentPostprocessing = 0;
		};
		9FA882112BC1508600DAB3D3 /* Frameworks */ = {
			isa = PBXFrameworksBuildPhase;
			buildActionMask = 2147483647;
			files = (
			);
			runOnlyForDeploymentPostprocessing = 0;
		};
/* End PBXFrameworksBuildPhase section */

/* Begin PBXGroup section */
		9FA881EF2BC1508400DAB3D3 = {
			isa = PBXGroup;
			children = (
				9FA881FA2BC1508400DAB3D3 /* Yasta */,
				9FA8820D2BC1508600DAB3D3 /* YastaTests */,
				9FA882172BC1508600DAB3D3 /* YastaUITests */,
				9FA881F92BC1508400DAB3D3 /* Products */,
			);
			sourceTree = "<group>";
		};
		9FA881F92BC1508400DAB3D3 /* Products */ = {
			isa = PBXGroup;
			children = (
				9FA881F82BC1508400DAB3D3 /* Yasta.app */,
				9FA8820A2BC1508600DAB3D3 /* YastaTests.xctest */,
				9FA882142BC1508600DAB3D3 /* YastaUITests.xctest */,
			);
			name = Products;
			sourceTree = "<group>";
		};
		9FA881FA2BC1508400DAB3D3 /* Yasta */ = {
			isa = PBXGroup;
			children = (
				9FA881FB2BC1508400DAB3D3 /* YastaApp.swift */,
				9FA881FD2BC1508400DAB3D3 /* ContentView.swift */,
				9FA881FF2BC1508400DAB3D3 /* Item.swift */,
				9FA882012BC1508600DAB3D3 /* Assets.xcassets */,
				9FA882032BC1508600DAB3D3 /* Preview Content */,
			);
			path = Yasta;
			sourceTree = "<group>";
		};
		9FA882032BC1508600DAB3D3 /* Preview Content */ = {
			isa = PBXGroup;
			children = (
				9FA882042BC1508600DAB3D3 /* Preview Assets.xcassets */,
			);
			path = "Preview Content";
			sourceTree = "<group>";
		};
		9FA8820D2BC1508600DAB3D3 /* YastaTests */ = {
			isa = PBXGroup;
			children = (
				9FA8820E2BC1508600DAB3D3 /* YastaTests.swift */,
			);
			path = YastaTests;
			sourceTree = "<group>";
		};
		9FA882172BC1508600DAB3D3 /* YastaUITests */ = {
			isa = PBXGroup;
			children = (
				9FA882182BC1508600DAB3D3 /* YastaUITests.swift */,
				9FA8821A2BC1508600DAB3D3 /* YastaUITestsLaunchTests.swift */,
			);
			path = YastaUITests;
			sourceTree = "<group>";
		};
/* End PBXGroup section */

/* Begin PBXNativeTarget section */
		9FA881F72BC1508400DAB3D3 /* Yasta */ = {
			isa = PBXNativeTarget;
			buildConfigurationList = 9FA8821E2BC1508600DAB3D3 /* Build configuration list for PBXNativeTarget "Yasta" */;
			buildPhases = (
				9FA881F42BC1508400DAB3D3 /* Sources */,
				9FA881F52BC1508400DAB3D3 /* Frameworks */,
				9FA881F62BC1508400DAB3D3 /* Resources */,
			);
			buildRules = (
			);
			dependencies = (
			);
			name = Yasta;
			productName = Yasta;
			productReference = 9FA881F82BC1508400DAB3D3 /* Yasta.app */;
			productType = "com.apple.product-type.application";
		};
		9FA882092BC1508600DAB3D3 /* YastaTests */ = {
			isa = PBXNativeTarget;
			buildConfigurationList = 9FA882212BC1508600DAB3D3 /* Build configuration list for PBXNativeTarget "YastaTests" */;
			buildPhases = (
				9FA882062BC1508600DAB3D3 /* Sources */,
				9FA882072BC1508600DAB3D3 /* Frameworks */,
				9FA882082BC1508600DAB3D3 /* Resources */,
			);
			buildRules = (
			);
			dependencies = (
				9FA8820C2BC1508600DAB3D3 /* PBXTargetDependency */,
			);
			name = YastaTests;
			productName = YastaTests;
			productReference = 9FA8820A2BC1508600DAB3D3 /* YastaTests.xctest */;
			productType = "com.apple.product-type.bundle.unit-test";
		};
		9FA882132BC1508600DAB3D3 /* YastaUITests */ = {
			isa = PBXNativeTarget;
			buildConfigurationList = 9FA882242BC1508600DAB3D3 /* Build configuration list for PBXNativeTarget "YastaUITests" */;
			buildPhases = (
				9FA882102BC1508600DAB3D3 /* Sources */,
				9FA882112BC1508600DAB3D3 /* Frameworks */,
				9FA882122BC1508600DAB3D3 /* Resources */,
			);
			buildRules = (
			);
			dependencies = (
				9FA882162BC1508600DAB3D3 /* PBXTargetDependency */,
			);
			name = YastaUITests;
			productName = YastaUITests;
			productReference = 9FA882142BC1508600DAB3D3 /* YastaUITests.xctest */;
			productType = "com.apple.product-type.bundle.ui-testing";
		};
/* End PBXNativeTarget section */

/* Begin PBXProject section */
		9FA881F02BC1508400DAB3D3 /* Project object */ = {
			isa = PBXProject;
			attributes = {
				BuildIndependentTargetsInParallel = 1;
				LastSwiftUpdateCheck = 1520;
				LastUpgradeCheck = 1520;
				TargetAttributes = {
					9FA881F72BC1508400DAB3D3 = {
						CreatedOnToolsVersion = 15.2;
					};
					9FA882092BC1508600DAB3D3 = {
						CreatedOnToolsVersion = 15.2;
						TestTargetID = 9FA881F72BC1508400DAB3D3;
					};
					9FA882132BC1508600DAB3D3 = {
						CreatedOnToolsVersion = 15.2;
						TestTargetID = 9FA881F72BC1508400DAB3D3;
					};
				};
			};
			buildConfigurationList = 9FA881F32BC1508400DAB3D3 /* Build configuration list for PBXProject "Yasta" */;
			compatibilityVersion = "Xcode 14.0";
			developmentRegion = en;
			hasScannedForEncodings = 0;
			knownRegions = (
				en,
				Base,
			);
			mainGroup = 9FA881EF2BC1508400DAB3D3;
			productRefGroup = 9FA881F92BC1508400DAB3D3 /* Products */;
			projectDirPath = "";
			projectRoot = "";
			targets = (
				9FA881F72BC1508400DAB3D3 /* Yasta */,
				9FA882092BC1508600DAB3D3 /* YastaTests */,
				9FA882132BC1508600DAB3D3 /* YastaUITests */,
			);
		};
/* End PBXProject section */

/* Begin PBXResourcesBuildPhase section */
		9FA881F62BC1508400DAB3D3 /* Resources */ = {
			isa = PBXResourcesBuildPhase;
			buildActionMask = 2147483647;
			files = (
				9FA882052BC1508600DAB3D3 /* Preview Assets.xcassets in Resources */,
				9FA882022BC1508600DAB3D3 /* Assets.xcassets in Resources */,
			);
			runOnlyForDeploymentPostprocessing = 0;
		};
		9FA882082BC1508600DAB3D3 /* Resources */ = {
			isa = PBXResourcesBuildPhase;
			buildActionMask = 2147483647;
			files = (
			);
			runOnlyForDeploymentPostprocessing = 0;
		};
		9FA882122BC1508600DAB3D3 /* Resources */ = {
			isa = PBXResourcesBuildPhase;
			buildActionMask = 2147483647;
			files = (
			);
			runOnlyForDeploymentPostprocessing = 0;
		};
/* End PBXResourcesBuildPhase section */

/* Begin PBXSourcesBuildPhase section */
		9FA881F42BC1508400DAB3D3 /* Sources */ = {
			isa = PBXSourcesBuildPhase;
			buildActionMask = 2147483647;
			files = (
				9FA881FE2BC1508400DAB3D3 /* ContentView.swift in Sources */,
				9FA882002BC1508400DAB3D3 /* Item.swift in Sources */,
				9FA881FC2BC1508400DAB3D3 /* YastaApp.swift in Sources */,
			);
			runOnlyForDeploymentPostprocessing = 0;
		};
		9FA882062BC1508600DAB3D3 /* Sources */ = {
			isa = PBXSourcesBuildPhase;
			buildActionMask = 2147483647;
			files = (
				9FA8820F2BC1508600DAB3D3 /* YastaTests.swift in Sources */,
			);
			runOnlyForDeploymentPostprocessing = 0;
		};
		9FA882102BC1508600DAB3D3 /* Sources */ = {
			isa = PBXSourcesBuildPhase;
			buildActionMask = 2147483647;
			files = (
				9FA882192BC1508600DAB3D3 /* YastaUITests.swift in Sources */,
				9FA8821B2BC1508600DAB3D3 /* YastaUITestsLaunchTests.swift in Sources */,
			);
			runOnlyForDeploymentPostprocessing = 0;
		};
/* End PBXSourcesBuildPhase section */

/* Begin PBXTargetDependency section */
		9FA8820C2BC1508600DAB3D3 /* PBXTargetDependency */ = {
			isa = PBXTargetDependency;
			target = 9FA881F72BC1508400DAB3D3 /* Yasta */;
			targetProxy = 9FA8820B2BC1508600DAB3D3 /* PBXContainerItemProxy */;
		};
		9FA882162BC1508600DAB3D3 /* PBXTargetDependency */ = {
			isa = PBXTargetDependency;
			target = 9FA881F72BC1508400DAB3D3 /* Yasta */;
			targetProxy = 9FA882152BC1508600DAB3D3 /* PBXContainerItemProxy */;
		};
/* End PBXTargetDependency section */

/* Begin XCBuildConfiguration section */
		9FA8821C2BC1508600DAB3D3 /* Debug */ = {
			isa = XCBuildConfiguration;
			buildSettings = {
				ALWAYS_SEARCH_USER_PATHS = NO;
				ASSETCATALOG_COMPILER_GENERATE_SWIFT_ASSET_SYMBOL_EXTENSIONS = YES;
				CLANG_ANALYZER_NONNULL = YES;
				CLANG_ANALYZER_NUMBER_OBJECT_CONVERSION = YES_AGGRESSIVE;
				CLANG_CXX_LANGUAGE_STANDARD = "gnu++20";
				CLANG_ENABLE_MODULES = YES;
				CLANG_ENABLE_OBJC_ARC = YES;
				CLANG_ENABLE_OBJC_WEAK = YES;
				CLANG_WARN_BLOCK_CAPTURE_AUTORELEASING = YES;
				CLANG_WARN_BOOL_CONVERSION = YES;
				CLANG_WARN_COMMA = YES;
				CLANG_WARN_CONSTANT_CONVERSION = YES;
				CLANG_WARN_DEPRECATED_OBJC_IMPLEMENTATIONS = YES;
				CLANG_WARN_DIRECT_OBJC_ISA_USAGE = YES_ERROR;
				CLANG_WARN_DOCUMENTATION_COMMENTS = YES;
				CLANG_WARN_EMPTY_BODY = YES;
				CLANG_WARN_ENUM_CONVERSION = YES;
				CLANG_WARN_INFINITE_RECURSION = YES;
				CLANG_WARN_INT_CONVERSION = YES;
				CLANG_WARN_NON_LITERAL_NULL_CONVERSION = YES;
				CLANG_WARN_OBJC_IMPLICIT_RETAIN_SELF = YES;
				CLANG_WARN_OBJC_LITERAL_CONVERSION = YES;
				CLANG_WARN_OBJC_ROOT_CLASS = YES_ERROR;
				CLANG_WARN_QUOTED_INCLUDE_IN_FRAMEWORK_HEADER = YES;
				CLANG_WARN_RANGE_LOOP_ANALYSIS = YES;
				CLANG_WARN_STRICT_PROTOTYPES = YES;
				CLANG_WARN_SUSPICIOUS_MOVE = YES;
				CLANG_WARN_UNGUARDED_AVAILABILITY = YES_AGGRESSIVE;
				CLANG_WARN_UNREACHABLE_CODE = YES;
				CLANG_WARN__DUPLICATE_METHOD_MATCH = YES;
				COPY_PHASE_STRIP = NO;
				DEBUG_INFORMATION_FORMAT = dwarf;
				ENABLE_STRICT_OBJC_MSGSEND = YES;
				ENABLE_TESTABILITY = YES;
				ENABLE_USER_SCRIPT_SANDBOXING = YES;
				GCC_C_LANGUAGE_STANDARD = gnu17;
				GCC_DYNAMIC_NO_PIC = NO;
				GCC_NO_COMMON_BLOCKS = YES;
				GCC_OPTIMIZATION_LEVEL = 0;
				GCC_PREPROCESSOR_DEFINITIONS = (
					"DEBUG=1",
					"$(inherited)",
				);
				GCC_WARN_64_TO_32_BIT_CONVERSION = YES;
				GCC_WARN_ABOUT_RETURN_TYPE = YES_ERROR;
				GCC_WARN_UNDECLARED_SELECTOR = YES;
				GCC_WARN_UNINITIALIZED_AUTOS = YES_AGGRESSIVE;
				GCC_WARN_UNUSED_FUNCTION = YES;
				GCC_WARN_UNUSED_VARIABLE = YES;
				IPHONEOS_DEPLOYMENT_TARGET = 17.2;
				LOCALIZATION_PREFERS_STRING_CATALOGS = YES;
				MTL_ENABLE_DEBUG_INFO = INCLUDE_SOURCE;
				MTL_FAST_MATH = YES;
				ONLY_ACTIVE_ARCH = YES;
				SDKROOT = iphoneos;
				SWIFT_ACTIVE_COMPILATION_CONDITIONS = "DEBUG $(inherited)";
				SWIFT_OPTIMIZATION_LEVEL = "-Onone";
			};
			name = Debug;
		};
		9FA8821D2BC1508600DAB3D3 /* Release */ = {
			isa = XCBuildConfiguration;
			buildSettings = {
				ALWAYS_SEARCH_USER_PATHS = NO;
				ASSETCATALOG_COMPILER_GENERATE_SWIFT_ASSET_SYMBOL_EXTENSIONS = YES;
				CLANG_ANALYZER_NONNULL = YES;
				CLANG_ANALYZER_NUMBER_OBJECT_CONVERSION = YES_AGGRESSIVE;
				CLANG_CXX_LANGUAGE_STANDARD = "gnu++20";
				CLANG_ENABLE_MODULES = YES;
				CLANG_ENABLE_OBJC_ARC = YES;
				CLANG_ENABLE_OBJC_WEAK = YES;
				CLANG_WARN_BLOCK_CAPTURE_AUTORELEASING = YES;
				CLANG_WARN_BOOL_CONVERSION = YES;
				CLANG_WARN_COMMA = YES;
				CLANG_WARN_CONSTANT_CONVERSION = YES;
				CLANG_WARN_DEPRECATED_OBJC_IMPLEMENTATIONS = YES;
				CLANG_WARN_DIRECT_OBJC_ISA_USAGE = YES_ERROR;
				CLANG_WARN_DOCUMENTATION_COMMENTS = YES;
				CLANG_WARN_EMPTY_BODY = YES;
				CLANG_WARN_ENUM_CONVERSION = YES;
				CLANG_WARN_INFINITE_RECURSION = YES;
				CLANG_WARN_INT_CONVERSION = YES;
				CLANG_WARN_NON_LITERAL_NULL_CONVERSION = YES;
				CLANG_WARN_OBJC_IMPLICIT_RETAIN_SELF = YES;
				CLANG_WARN_OBJC_LITERAL_CONVERSION = YES;
				CLANG_WARN_OBJC_ROOT_CLASS = YES_ERROR;
				CLANG_WARN_QUOTED_INCLUDE_IN_FRAMEWORK_HEADER = YES;
				CLANG_WARN_RANGE_LOOP_ANALYSIS = YES;
				CLANG_WARN_STRICT_PROTOTYPES = YES;
				CLANG_WARN_SUSPICIOUS_MOVE = YES;
				CLANG_WARN_UNGUARDED_AVAILABILITY = YES_AGGRESSIVE;
				CLANG_WARN_UNREACHABLE_CODE = YES;
				CLANG_WARN__DUPLICATE_METHOD_MATCH = YES;
				COPY_PHASE_STRIP = NO;
				DEBUG_INFORMATION_FORMAT = "dwarf-with-dsym";
				ENABLE_NS_ASSERTIONS = NO;
				ENABLE_STRICT_OBJC_MSGSEND = YES;
				ENABLE_USER_SCRIPT_SANDBOXING = YES;
				GCC_C_LANGUAGE_STANDARD = gnu17;
				GCC_NO_COMMON_BLOCKS = YES;
				GCC_WARN_64_TO_32_BIT_CONVERSION = YES;
				GCC_WARN_ABOUT_RETURN_TYPE = YES_ERROR;
				GCC_WARN_UNDECLARED_SELECTOR = YES;
				GCC_WARN_UNINITIALIZED_AUTOS = YES_AGGRESSIVE;
				GCC_WARN_UNUSED_FUNCTION = YES;
				GCC_WARN_UNUSED_VARIABLE = YES;
				IPHONEOS_DEPLOYMENT_TARGET = 17.2;
				LOCALIZATION_PREFERS_STRING_CATALOGS = YES;
				MTL_ENABLE_DEBUG_INFO = NO;
				MTL_FAST_MATH = YES;
				SDKROOT = iphoneos;
				SWIFT_COMPILATION_MODE = wholemodule;
				VALIDATE_PRODUCT = YES;
			};
			name = Release;
		};
		9FA8821F2BC1508600DAB3D3 /* Debug */ = {
			isa = XCBuildConfiguration;
			buildSettings = {
				ASSETCATALOG_COMPILER_APPICON_NAME = AppIcon;
				ASSETCATALOG_COMPILER_GLOBAL_ACCENT_COLOR_NAME = AccentColor;
				CODE_SIGN_STYLE = Automatic;
				CURRENT_PROJECT_VERSION = 1;
				DEVELOPMENT_ASSET_PATHS = "\"Yasta/Preview Content\"";
				ENABLE_PREVIEWS = YES;
				GENERATE_INFOPLIST_FILE = YES;
				INFOPLIST_KEY_UIApplicationSceneManifest_Generation = YES;
				INFOPLIST_KEY_UIApplicationSupportsIndirectInputEvents = YES;
				INFOPLIST_KEY_UILaunchScreen_Generation = YES;
				INFOPLIST_KEY_UISupportedInterfaceOrientations_iPad = "UIInterfaceOrientationPortrait UIInterfaceOrientationPortraitUpsideDown UIInterfaceOrientationLandscapeLeft UIInterfaceOrientationLandscapeRight";
				INFOPLIST_KEY_UISupportedInterfaceOrientations_iPhone = "UIInterfaceOrientationPortrait UIInterfaceOrientationLandscapeLeft UIInterfaceOrientationLandscapeRight";
				LD_RUNPATH_SEARCH_PATHS = (
					"$(inherited)",
					"@executable_path/Frameworks",
				);
				MARKETING_VERSION = 1.0;
				PRODUCT_BUNDLE_IDENTIFIER = com.antoniocranga.Yasta;
				PRODUCT_NAME = "$(TARGET_NAME)";
				SWIFT_EMIT_LOC_STRINGS = YES;
				SWIFT_VERSION = 5.0;
				TARGETED_DEVICE_FAMILY = "1,2";
			};
			name = Debug;
		};
		9FA882202BC1508600DAB3D3 /* Release */ = {
			isa = XCBuildConfiguration;
			buildSettings = {
				ASSETCATALOG_COMPILER_APPICON_NAME = AppIcon;
				ASSETCATALOG_COMPILER_GLOBAL_ACCENT_COLOR_NAME = AccentColor;
				CODE_SIGN_STYLE = Automatic;
				CURRENT_PROJECT_VERSION = 1;
				DEVELOPMENT_ASSET_PATHS = "\"Yasta/Preview Content\"";
				ENABLE_PREVIEWS = YES;
				GENERATE_INFOPLIST_FILE = YES;
				INFOPLIST_KEY_UIApplicationSceneManifest_Generation = YES;
				INFOPLIST_KEY_UIApplicationSupportsIndirectInputEvents = YES;
				INFOPLIST_KEY_UILaunchScreen_Generation = YES;
				INFOPLIST_KEY_UISupportedInterfaceOrientations_iPad = "UIInterfaceOrientationPortrait UIInterfaceOrientationPortraitUpsideDown UIInterfaceOrientationLandscapeLeft UIInterfaceOrientationLandscapeRight";
				INFOPLIST_KEY_UISupportedInterfaceOrientations_iPhone = "UIInterfaceOrientationPortrait UIInterfaceOrientationLandscapeLeft UIInterfaceOrientationLandscapeRight";
				LD_RUNPATH_SEARCH_PATHS = (
					"$(inherited)",
					"@executable_path/Frameworks",
				);
				MARKETING_VERSION = 1.0;
				PRODUCT_BUNDLE_IDENTIFIER = com.antoniocranga.Yasta;
				PRODUCT_NAME = "$(TARGET_NAME)";
				SWIFT_EMIT_LOC_STRINGS = YES;
				SWIFT_VERSION = 5.0;
				TARGETED_DEVICE_FAMILY = "1,2";
			};
			name = Release;
		};
		9FA882222BC1508600DAB3D3 /* Debug */ = {
			isa = XCBuildConfiguration;
			buildSettings = {
				ALWAYS_EMBED_SWIFT_STANDARD_LIBRARIES = YES;
				BUNDLE_LOADER = "$(TEST_HOST)";
				CODE_SIGN_STYLE = Automatic;
				CURRENT_PROJECT_VERSION = 1;
				GENERATE_INFOPLIST_FILE = YES;
				IPHONEOS_DEPLOYMENT_TARGET = 17.2;
				MARKETING_VERSION = 1.0;
				PRODUCT_BUNDLE_IDENTIFIER = com.antoniocranga.YastaTests;
				PRODUCT_NAME = "$(TARGET_NAME)";
				SWIFT_EMIT_LOC_STRINGS = NO;
				SWIFT_VERSION = 5.0;
				TARGETED_DEVICE_FAMILY = "1,2";
				TEST_HOST = "$(BUILT_PRODUCTS_DIR)/Yasta.app/$(BUNDLE_EXECUTABLE_FOLDER_PATH)/Yasta";
			};
			name = Debug;
		};
		9FA882232BC1508600DAB3D3 /* Release */ = {
			isa = XCBuildConfiguration;
			buildSettings = {
				ALWAYS_EMBED_SWIFT_STANDARD_LIBRARIES = YES;
				BUNDLE_LOADER = "$(TEST_HOST)";
				CODE_SIGN_STYLE = Automatic;
				CURRENT_PROJECT_VERSION = 1;
				GENERATE_INFOPLIST_FILE = YES;
				IPHONEOS_DEPLOYMENT_TARGET = 17.2;
				MARKETING_VERSION = 1.0;
				PRODUCT_BUNDLE_IDENTIFIER = com.antoniocranga.YastaTests;
				PRODUCT_NAME = "$(TARGET_NAME)";
				SWIFT_EMIT_LOC_STRINGS = NO;
				SWIFT_VERSION = 5.0;
				TARGETED_DEVICE_FAMILY = "1,2";
				TEST_HOST = "$(BUILT_PRODUCTS_DIR)/Yasta.app/$(BUNDLE_EXECUTABLE_FOLDER_PATH)/Yasta";
			};
			name = Release;
		};
		9FA882252BC1508600DAB3D3 /* Debug */ = {
			isa = XCBuildConfiguration;
			buildSettings = {
				ALWAYS_EMBED_SWIFT_STANDARD_LIBRARIES = YES;
				CODE_SIGN_STYLE = Automatic;
				CURRENT_PROJECT_VERSION = 1;
				GENERATE_INFOPLIST_FILE = YES;
				MARKETING_VERSION = 1.0;
				PRODUCT_BUNDLE_IDENTIFIER = com.antoniocranga.YastaUITests;
				PRODUCT_NAME = "$(TARGET_NAME)";
				SWIFT_EMIT_LOC_STRINGS = NO;
				SWIFT_VERSION = 5.0;
				TARGETED_DEVICE_FAMILY = "1,2";
				TEST_TARGET_NAME = Yasta;
			};
			name = Debug;
		};
		9FA882262BC1508600DAB3D3 /* Release */ = {
			isa = XCBuildConfiguration;
			buildSettings = {
				ALWAYS_EMBED_SWIFT_STANDARD_LIBRARIES = YES;
				CODE_SIGN_STYLE = Automatic;
				CURRENT_PROJECT_VERSION = 1;
				GENERATE_INFOPLIST_FILE = YES;
				MARKETING_VERSION = 1.0;
				PRODUCT_BUNDLE_IDENTIFIER = com.antoniocranga.YastaUITests;
				PRODUCT_NAME = "$(TARGET_NAME)";
				SWIFT_EMIT_LOC_STRINGS = NO;
				SWIFT_VERSION = 5.0;
				TARGETED_DEVICE_FAMILY = "1,2";
				TEST_TARGET_NAME = Yasta;
			};
			name = Release;
		};
/* End XCBuildConfiguration section */

/* Begin XCConfigurationList section */
		9FA881F32BC1508400DAB3D3 /* Build configuration list for PBXProject "Yasta" */ = {
			isa = XCConfigurationList;
			buildConfigurations = (
				9FA8821C2BC1508600DAB3D3 /* Debug */,
				9FA8821D2BC1508600DAB3D3 /* Release */,
			);
			defaultConfigurationIsVisible = 0;
			defaultConfigurationName = Release;
		};
		9FA8821E2BC1508600DAB3D3 /* Build configuration list for PBXNativeTarget "Yasta" */ = {
			isa = XCConfigurationList;
			buildConfigurations = (
				9FA8821F2BC1508600DAB3D3 /* Debug */,
				9FA882202BC1508600DAB3D3 /* Release */,
			);
			defaultConfigurationIsVisible = 0;
			defaultConfigurationName = Release;
		};
		9FA882212BC1508600DAB3D3 /* Build configuration list for PBXNativeTarget "YastaTests" */ = {
			isa = XCConfigurationList;
			buildConfigurations = (
				9FA882222BC1508600DAB3D3 /* Debug */,
				9FA882232BC1508600DAB3D3 /* Release */,
			);
			defaultConfigurationIsVisible = 0;
			defaultConfigurationName = Release;
		};
		9FA882242BC1508600DAB3D3 /* Build configuration list for PBXNativeTarget "YastaUITests" */ = {
			isa = XCConfigurationList;
			buildConfigurations = (
				9FA882252BC1508600DAB3D3 /* Debug */,
				9FA882262BC1508600DAB3D3 /* Release */,
			);
			defaultConfigurationIsVisible = 0;
			defaultConfigurationName = Release;
		};
/* End XCConfigurationList section */
	};
	rootObject = 9FA881F02BC1508400DAB3D3 /* Project object */;
}
